{
  "version": 1,
  "dependencies": {
    "net7.0": {
      "Microsoft.CodeAnalysis.NetAnalyzers": {
        "type": "Direct",
        "requested": "[8.0.0-preview1.23080.2, )",
        "resolved": "8.0.0-preview1.23080.2",
        "contentHash": "C4Yyk0iOKglcdfhVnamm/2CRj8walpeNpzvlD8dck5zoiZaEma13gHlvaYUVYM3/2PhqoXNCJ0cPZGvwM516Wg=="
      },
      "Microsoft.VisualStudio.Threading.Analyzers": {
        "type": "Direct",
        "requested": "[17.7.30, )",
        "resolved": "17.7.30",
        "contentHash": "7s/ERY/7eEuyuZE9fzQZZq5FolzckFyoITlkod8butB0ioB8ulW8qzVUAx6E4utMvQn8XAZzbadEUZccZYq+Ng=="
      },
      "Roslynator.Analyzers": {
        "type": "Direct",
        "requested": "[4.4.0, )",
        "resolved": "4.4.0",
        "contentHash": "Yc/JJq8D8QPjGppPymTLOse0k9wIjL19FLOLMsxu/6T7VTYOunKHnEhgSE1Wd5dmtTjUd5r4r5DozN7kxvl0Gg=="
      },
      "StyleCop.Analyzers": {
        "type": "Direct",
        "requested": "[1.2.0-beta.435, )",
        "resolved": "1.2.0-beta.435",
        "contentHash": "TADk7vdGXtfTnYCV7GyleaaRTQjfoSfZXprQrVMm7cSJtJbFc1QIbWPyLvrgrfGdfHbGmUPvaN4ODKNxg2jgPQ==",
        "dependencies": {
          "StyleCop.Analyzers.Unstable": "1.2.0.435"
        }
      },
      "StyleCop.Analyzers.Unstable": {
        "type": "Transitive",
        "resolved": "1.2.0.435",
        "contentHash": "ouwPWZxbOV3SmCZxIRqHvljkSzkCyi1tDoMzQtDb/bRP8ctASV/iRJr+A2Gdj0QLaLmWnqTWDrH82/iP+X80Lg=="
      }
    }
  }
}