{
  "version": 1,
  "dependencies": {
    "net7.0": {
      "Microsoft.CodeAnalysis.NetAnalyzers": {
        "type": "Direct",
        "requested": "[8.0.0-preview1.23080.2, )",
        "resolved": "8.0.0-preview1.23080.2",
        "contentHash": "C4Yyk0iOKglcdfhVnamm/2CRj8walpeNpzvlD8dck5zoiZaEma13gHlvaYUVYM3/2PhqoXNCJ0cPZGvwM516Wg=="
      },
      "Microsoft.VisualStudio.Threading.Analyzers": {
        "type": "Direct",
        "requested": "[17.5.22, )",
        "resolved": "17.5.22",
        "contentHash": "WzCsniKpC6S9yAerB+Od8pK8RytxW+fFSZ+GjL0y0XdIb7H/os71bWFbKMXxB1omDLZHNm1IdBlcLQm4KmS/AQ=="
      },
      "NewId": {
        "type": "Direct",
        "requested": "[4.0.1, )",
        "resolved": "4.0.1",
        "contentHash": "jegBasNndmG21G3BmT51suFDCIz/sLN81j+IxmkZ4iWoaDi8LygeHiyNnYbXz5OQh9nCRJFIx1+PJrlYi1Gc9Q=="
      },
      "Roslynator.Analyzers": {
        "type": "Direct",
        "requested": "[4.2.0, )",
        "resolved": "4.2.0",
        "contentHash": "3N8CNx1Q/Q5VDDL7qgfZRgTURyMqzHAkAB59AZKRnsOXoh2n9xRzhiBMIbJaUtBATmieECBx68GcjRn2xoNDug=="
      },
      "StyleCop.Analyzers": {
        "type": "Direct",
        "requested": "[1.2.0-beta.435, )",
        "resolved": "1.2.0-beta.435",
        "contentHash": "TADk7vdGXtfTnYCV7GyleaaRTQjfoSfZXprQrVMm7cSJtJbFc1QIbWPyLvrgrfGdfHbGmUPvaN4ODKNxg2jgPQ==",
        "dependencies": {
          "StyleCop.Analyzers.Unstable": "1.2.0.435"
        }
      },
      "StyleCop.Analyzers.Unstable": {
        "type": "Transitive",
        "resolved": "1.2.0.435",
        "contentHash": "ouwPWZxbOV3SmCZxIRqHvljkSzkCyi1tDoMzQtDb/bRP8ctASV/iRJr+A2Gdj0QLaLmWnqTWDrH82/iP+X80Lg=="
      },
      "Heroplate.Api.Contracts": {
        "type": "Project"
      }
    }
  }
}