{
  "version": 1,
  "dependencies": {
    "net7.0": {
      "Microsoft.AspNetCore.Authorization": {
        "type": "Direct",
        "requested": "[7.0.3, )",
        "resolved": "7.0.3",
        "contentHash": "tAgm6eNm9vohhSJhTrgIj7FDmp9KdCRTBRbyjspgzvgYtJr2Y/zkGXo2ikP+U9IfYpfjk1PXElVEp8buSIGTEg==",
        "dependencies": {
          "Microsoft.AspNetCore.Metadata": "7.0.3",
          "Microsoft.Extensions.Logging.Abstractions": "7.0.0",
          "Microsoft.Extensions.Options": "7.0.1"
        }
      },
      "Microsoft.CodeAnalysis.NetAnalyzers": {
        "type": "Direct",
        "requested": "[8.0.0-preview1.23080.2, )",
        "resolved": "8.0.0-preview1.23080.2",
        "contentHash": "C4Yyk0iOKglcdfhVnamm/2CRj8walpeNpzvlD8dck5zoiZaEma13gHlvaYUVYM3/2PhqoXNCJ0cPZGvwM516Wg=="
      },
      "Microsoft.VisualStudio.Threading.Analyzers": {
        "type": "Direct",
        "requested": "[17.5.22, )",
        "resolved": "17.5.22",
        "contentHash": "WzCsniKpC6S9yAerB+Od8pK8RytxW+fFSZ+GjL0y0XdIb7H/os71bWFbKMXxB1omDLZHNm1IdBlcLQm4KmS/AQ=="
      },
      "Roslynator.Analyzers": {
        "type": "Direct",
        "requested": "[4.2.0, )",
        "resolved": "4.2.0",
        "contentHash": "3N8CNx1Q/Q5VDDL7qgfZRgTURyMqzHAkAB59AZKRnsOXoh2n9xRzhiBMIbJaUtBATmieECBx68GcjRn2xoNDug=="
      },
      "StyleCop.Analyzers": {
        "type": "Direct",
        "requested": "[1.2.0-beta.435, )",
        "resolved": "1.2.0-beta.435",
        "contentHash": "TADk7vdGXtfTnYCV7GyleaaRTQjfoSfZXprQrVMm7cSJtJbFc1QIbWPyLvrgrfGdfHbGmUPvaN4ODKNxg2jgPQ==",
        "dependencies": {
          "StyleCop.Analyzers.Unstable": "1.2.0.435"
        }
      },
      "Microsoft.AspNetCore.Metadata": {
        "type": "Transitive",
        "resolved": "7.0.3",
        "contentHash": "4Tps9YyTanveGpv3boB4A42C1wbDYkZD0X1F1lOgKAWFp8HLrcG1H8Xb6ypDuE1A0gRTTjcXMIlHUcVqGAwCtA=="
      },
      "Microsoft.Extensions.DependencyInjection.Abstractions": {
        "type": "Transitive",
        "resolved": "7.0.0",
        "contentHash": "h3j/QfmFN4S0w4C2A6X7arXij/M/OVw3uQHSOFxnND4DyAzO1F9eMX7Eti7lU/OkSthEE0WzRsfT/Dmx86jzCw=="
      },
      "Microsoft.Extensions.Logging.Abstractions": {
        "type": "Transitive",
        "resolved": "7.0.0",
        "contentHash": "kmn78+LPVMOWeITUjIlfxUPDsI0R6G0RkeAMBmQxAJ7vBJn4q2dTva7pWi65ceN5vPGjJ9q/Uae2WKgvfktJAw=="
      },
      "Microsoft.Extensions.Options": {
        "type": "Transitive",
        "resolved": "7.0.1",
        "contentHash": "pZRDYdN1FpepOIfHU62QoBQ6zdAoTvnjxFfqAzEd9Jhb2dfhA5i6jeTdgGgcgTWFRC7oT0+3XrbQu4LjvgX1Nw==",
        "dependencies": {
          "Microsoft.Extensions.DependencyInjection.Abstractions": "7.0.0",
          "Microsoft.Extensions.Primitives": "7.0.0"
        }
      },
      "Microsoft.Extensions.Primitives": {
        "type": "Transitive",
        "resolved": "7.0.0",
        "contentHash": "um1KU5kxcRp3CNuI8o/GrZtD4AIOXDk+RLsytjZ9QPok3ttLUelLKpilVPuaFT3TFjOhSibUAso0odbOaCDj3Q=="
      },
      "StyleCop.Analyzers.Unstable": {
        "type": "Transitive",
        "resolved": "1.2.0.435",
        "contentHash": "ouwPWZxbOV3SmCZxIRqHvljkSzkCyi1tDoMzQtDb/bRP8ctASV/iRJr+A2Gdj0QLaLmWnqTWDrH82/iP+X80Lg=="
      }
    }
  }
}