{
  "version": 1,
  "dependencies": {
    "net7.0": {
      "Ardalis.Specification": {
        "type": "Direct",
        "requested": "[7.0.0, )",
        "resolved": "7.0.0",
        "contentHash": "e2bd6AN7V0FGOgmCq+srEPmz03PEIkESoyG/QKHxX76ezI13COvi/2WX09f1wLFKdex9gVqxCtNSBH9pvYFUVQ=="
      },
      "FluentValidation.DependencyInjectionExtensions": {
        "type": "Direct",
        "requested": "[11.7.1, )",
        "resolved": "11.7.1",
        "contentHash": "q3R6mJ0SzWvHJkJ/9d4FAZeuhJp6Cv8WpQItRWyN0v5qxKtwZt6Ol/8HNv8THDOrywTdsNUVKpgDJalVY7hUdw==",
        "dependencies": {
          "FluentValidation": "11.7.1",
          "Microsoft.Extensions.Dependencyinjection.Abstractions": "2.1.0"
        }
      },
      "MediatR": {
        "type": "Direct",
        "requested": "[12.1.1, )",
        "resolved": "12.1.1",
        "contentHash": "1AbwzzeS6gn4NdcO6A9LfKS5TXXgAiUQM3J18dREHa7O7TrdCXJ5dNFeRBpzPZY7UWl5Kby+n9pWrPJe3SDiMA==",
        "dependencies": {
          "MediatR.Contracts": "[2.0.1, 3.0.0)",
          "Microsoft.Extensions.DependencyInjection.Abstractions": "6.0.0"
        }
      },
      "Microsoft.CodeAnalysis.NetAnalyzers": {
        "type": "Direct",
        "requested": "[8.0.0-preview1.23080.2, )",
        "resolved": "8.0.0-preview1.23080.2",
        "contentHash": "C4Yyk0iOKglcdfhVnamm/2CRj8walpeNpzvlD8dck5zoiZaEma13gHlvaYUVYM3/2PhqoXNCJ0cPZGvwM516Wg=="
      },
      "Microsoft.Extensions.Localization": {
        "type": "Direct",
        "requested": "[7.0.10, )",
        "resolved": "7.0.10",
        "contentHash": "tjIcpsATkPw4QoZTqaZ+fG8tK2sNsPnjmd7pOvvXUrHFJBFKuUDSMxYZe99buSs8rynyDrebCEMSFuxukrO/yA==",
        "dependencies": {
          "Microsoft.Extensions.DependencyInjection.Abstractions": "7.0.0",
          "Microsoft.Extensions.Localization.Abstractions": "7.0.10",
          "Microsoft.Extensions.Logging.Abstractions": "7.0.1",
          "Microsoft.Extensions.Options": "7.0.1"
        }
      },
      "Microsoft.VisualStudio.Threading.Analyzers": {
        "type": "Direct",
        "requested": "[17.7.30, )",
        "resolved": "17.7.30",
        "contentHash": "7s/ERY/7eEuyuZE9fzQZZq5FolzckFyoITlkod8butB0ioB8ulW8qzVUAx6E4utMvQn8XAZzbadEUZccZYq+Ng=="
      },
      "Roslynator.Analyzers": {
        "type": "Direct",
        "requested": "[4.4.0, )",
        "resolved": "4.4.0",
        "contentHash": "Yc/JJq8D8QPjGppPymTLOse0k9wIjL19FLOLMsxu/6T7VTYOunKHnEhgSE1Wd5dmtTjUd5r4r5DozN7kxvl0Gg=="
      },
      "StyleCop.Analyzers": {
        "type": "Direct",
        "requested": "[1.2.0-beta.435, )",
        "resolved": "1.2.0-beta.435",
        "contentHash": "TADk7vdGXtfTnYCV7GyleaaRTQjfoSfZXprQrVMm7cSJtJbFc1QIbWPyLvrgrfGdfHbGmUPvaN4ODKNxg2jgPQ==",
        "dependencies": {
          "StyleCop.Analyzers.Unstable": "1.2.0.435"
        }
      },
      "System.Linq.Async": {
        "type": "Direct",
        "requested": "[6.0.1, )",
        "resolved": "6.0.1",
        "contentHash": "0YhHcaroWpQ9UCot3Pizah7ryAzQhNvobLMSxeDIGmnXfkQn8u5owvpOH0K6EVB+z9L7u6Cc4W17Br/+jyttEQ==",
        "dependencies": {
          "Microsoft.Bcl.AsyncInterfaces": "6.0.0"
        }
      },
      "FluentValidation": {
        "type": "Transitive",
        "resolved": "11.7.1",
        "contentHash": "w9Al4gls6iVGFbTd/NPOPlwzqDTghH+ntL4c4FYUatc+LeybpIwhYArLykZJP/VjF2n3ihj3ws+1yd7KR5lQlg=="
      },
      "MediatR.Contracts": {
        "type": "Transitive",
        "resolved": "2.0.1",
        "contentHash": "FYv95bNT4UwcNA+G/J1oX5OpRiSUxteXaUt2BJbRSdRNiIUNbggJF69wy6mnk2wYToaanpdXZdCwVylt96MpwQ=="
      },
      "Microsoft.Bcl.AsyncInterfaces": {
        "type": "Transitive",
        "resolved": "6.0.0",
        "contentHash": "UcSjPsst+DfAdJGVDsu346FX0ci0ah+lw3WRtn18NUwEqRt70HaOQ7lI72vy3+1LxtqI3T5GWwV39rQSrCzAeg=="
      },
      "Microsoft.Extensions.DependencyInjection.Abstractions": {
        "type": "Transitive",
        "resolved": "7.0.0",
        "contentHash": "h3j/QfmFN4S0w4C2A6X7arXij/M/OVw3uQHSOFxnND4DyAzO1F9eMX7Eti7lU/OkSthEE0WzRsfT/Dmx86jzCw=="
      },
      "Microsoft.Extensions.Localization.Abstractions": {
        "type": "Transitive",
        "resolved": "7.0.10",
        "contentHash": "drhH539FH6RWf5jRqBzDnPmxjLXwbm/HCfU1SERseNCcU3NMOK82EzC+1RlgVh+Oj7gi1k2/lL7PtoAN9j8zwQ=="
      },
      "Microsoft.Extensions.Logging.Abstractions": {
        "type": "Transitive",
        "resolved": "7.0.1",
        "contentHash": "pkeBFx0vqMW/A3aUVHh7MPu3WkBhaVlezhSZeb1c9XD0vUReYH1TLFSy5MxJgZfmz5LZzYoErMorlYZiwpOoNA=="
      },
      "Microsoft.Extensions.Options": {
        "type": "Transitive",
        "resolved": "7.0.1",
        "contentHash": "pZRDYdN1FpepOIfHU62QoBQ6zdAoTvnjxFfqAzEd9Jhb2dfhA5i6jeTdgGgcgTWFRC7oT0+3XrbQu4LjvgX1Nw==",
        "dependencies": {
          "Microsoft.Extensions.DependencyInjection.Abstractions": "7.0.0",
          "Microsoft.Extensions.Primitives": "7.0.0"
        }
      },
      "Microsoft.Extensions.Primitives": {
        "type": "Transitive",
        "resolved": "7.0.0",
        "contentHash": "um1KU5kxcRp3CNuI8o/GrZtD4AIOXDk+RLsytjZ9QPok3ttLUelLKpilVPuaFT3TFjOhSibUAso0odbOaCDj3Q=="
      },
      "NewId": {
        "type": "Transitive",
        "resolved": "4.0.1",
        "contentHash": "jegBasNndmG21G3BmT51suFDCIz/sLN81j+IxmkZ4iWoaDi8LygeHiyNnYbXz5OQh9nCRJFIx1+PJrlYi1Gc9Q=="
      },
      "StyleCop.Analyzers.Unstable": {
        "type": "Transitive",
        "resolved": "1.2.0.435",
        "contentHash": "ouwPWZxbOV3SmCZxIRqHvljkSzkCyi1tDoMzQtDb/bRP8ctASV/iRJr+A2Gdj0QLaLmWnqTWDrH82/iP+X80Lg=="
      },
      "Heroplate.Api.Contracts": {
        "type": "Project"
      },
      "Heroplate.Api.Domain": {
        "type": "Project",
        "dependencies": {
          "Heroplate.Api.Contracts": "[0.0.1, )",
          "NewId": "[4.0.1, )"
        }
      }
    }
  }
}